<?xml version="1.0" encoding="utf-8"?>
<Project ToolsVersion="4.0" xmlns="http://schemas.microsoft.com/developer/msbuild/2003">
  <ItemGroup>
    <Filter Include="源文件">
      <UniqueIdentifier>{4FC737F1-C7A5-4376-A066-2A32D752A2FF}</UniqueIdentifier>
      <Extensions>cpp;c;cc;cxx;def;odl;idl;hpj;bat;asm;asmx</Extensions>
    </Filter>
    <Filter Include="头文件">
      <UniqueIdentifier>{93995380-89BD-4b04-88EB-625FBE52EBFB}</UniqueIdentifier>
      <Extensions>h;hh;hpp;hxx;hm;inl;inc;xsd</Extensions>
    </Filter>
    <Filter Include="资源文件">
      <UniqueIdentifier>{67DA6AB6-F800-4c08-8B7A-83BB121AAD01}</UniqueIdentifier>
      <Extensions>rc;ico;cur;bmp;dlg;rc2;rct;bin;rgs;gif;jpg;jpeg;jpe;resx;tiff;tif;png;wav;mfcribbon-ms</Extensions>
    </Filter>
    <Filter Include="头文件\Lowlevelrender">
      <UniqueIdentifier>{89b9693a-0743-411e-b1a1-9b561cf1c48b}</UniqueIdentifier>
    </Filter>
    <Filter Include="源文件\Lowlevelrender">
      <UniqueIdentifier>{6490da4f-3d2a-488d-8962-6d486d414785}</UniqueIdentifier>
    </Filter>
    <Filter Include="源文件\UI">
      <UniqueIdentifier>{5f297e17-d906-4e5e-9da2-0b5a907a9c26}</UniqueIdentifier>
    </Filter>
    <Filter Include="头文件\UI">
      <UniqueIdentifier>{9ec5977e-2e2b-4884-abf8-bfeb9784b324}</UniqueIdentifier>
    </Filter>
  </ItemGroup>
  <ItemGroup>
    <ClInclude Include="SeeAisa.h">
      <Filter>头文件</Filter>
    </ClInclude>
    <ClInclude Include="rand.h">
      <Filter>头文件</Filter>
    </ClInclude>
    <ClInclude Include="texture.h">
      <Filter>头文件</Filter>
    </ClInclude>
    <ClInclude Include="geometry.h">
      <Filter>头文件</Filter>
    </ClInclude>
    <ClInclude Include="transform.h">
      <Filter>头文件</Filter>
    </ClInclude>
    <ClInclude Include="camera.h">
      <Filter>头文件</Filter>
    </ClInclude>
    <ClInclude Include="objmanager.h">
      <Filter>头文件</Filter>
    </ClInclude>
    <ClInclude Include="dxdevice.h">
      <Filter>头文件</Filter>
    </ClInclude>
    <ClInclude Include="dxobj.h">
      <Filter>头文件</Filter>
    </ClInclude>
    <ClInclude Include="texturemanager.h">
      <Filter>头文件</Filter>
    </ClInclude>
    <ClInclude Include="dxcamera.h">
      <Filter>头文件</Filter>
    </ClInclude>
    <ClInclude Include="dxlight.h">
      <Filter>头文件</Filter>
    </ClInclude>
    <ClInclude Include="dxscene.h">
      <Filter>头文件</Filter>
    </ClInclude>
    <ClInclude Include="scenenmanager.h">
      <Filter>头文件</Filter>
    </ClInclude>
    <ClInclude Include="basicmanager.h">
      <Filter>头文件</Filter>
    </ClInclude>
    <ClInclude Include="windowsDevice.h">
      <Filter>头文件</Filter>
    </ClInclude>
    <ClInclude Include="shape.h">
      <Filter>头文件</Filter>
    </ClInclude>
    <ClInclude Include="materialsmanager.h">
      <Filter>头文件</Filter>
    </ClInclude>
    <ClInclude Include="dxmaterials.h">
      <Filter>头文件</Filter>
    </ClInclude>
    <ClInclude Include="shadermanager.h">
      <Filter>头文件\Lowlevelrender</Filter>
    </ClInclude>
    <ClInclude Include="lightmanager.h">
      <Filter>头文件\Lowlevelrender</Filter>
    </ClInclude>
    <ClInclude Include="primitivemanager.h">
      <Filter>头文件\Lowlevelrender</Filter>
    </ClInclude>
    <ClInclude Include="cameramanager.h">
      <Filter>头文件\Lowlevelrender</Filter>
    </ClInclude>
    <ClInclude Include="resource.h">
      <Filter>头文件</Filter>
    </ClInclude>
    <ClInclude Include="lowlevelrendermanager.h">
      <Filter>头文件\Lowlevelrender</Filter>
    </ClInclude>
    <ClInclude Include="stb_rect_pack.h">
      <Filter>头文件\UI</Filter>
    </ClInclude>
    <ClInclude Include="stb_textedit.h">
      <Filter>头文件\UI</Filter>
    </ClInclude>
    <ClInclude Include="stb_truetype.h">
      <Filter>头文件\UI</Filter>
    </ClInclude>
    <ClInclude Include="imgui_internal.h">
      <Filter>头文件\UI</Filter>
    </ClInclude>
    <ClInclude Include="imgui.h">
      <Filter>头文件\UI</Filter>
    </ClInclude>
    <ClInclude Include="imgui_impl_dx11.h">
      <Filter>头文件\UI</Filter>
    </ClInclude>
    <ClInclude Include="imconfig.h">
      <Filter>头文件\UI</Filter>
    </ClInclude>
    <ClInclude Include="mainwindowui.h">
      <Filter>头文件\UI</Filter>
    </ClInclude>
    <ClInclude Include="wcharandwstring.h">
      <Filter>头文件\UI</Filter>
    </ClInclude>
  </ItemGroup>
  <ItemGroup>
    <ClCompile Include="main.cpp">
      <Filter>源文件</Filter>
    </ClCompile>
    <ClCompile Include="texture.cpp">
      <Filter>源文件</Filter>
    </ClCompile>
    <ClCompile Include="transform.cpp">
      <Filter>源文件</Filter>
    </ClCompile>
    <ClCompile Include="camera.cpp">
      <Filter>源文件</Filter>
    </ClCompile>
    <ClCompile Include="dxdevice.cpp">
      <Filter>源文件</Filter>
    </ClCompile>
    <ClCompile Include="objmanager.cpp">
      <Filter>源文件</Filter>
    </ClCompile>
    <ClCompile Include="texturemanager.cpp">
      <Filter>源文件</Filter>
    </ClCompile>
    <ClCompile Include="dxcamera.cpp">
      <Filter>源文件</Filter>
    </ClCompile>
    <ClCompile Include="dxscene.cpp">
      <Filter>源文件</Filter>
    </ClCompile>
    <ClCompile Include="scenemanager.cpp">
      <Filter>源文件</Filter>
    </ClCompile>
    <ClCompile Include="basicmanager.cpp">
      <Filter>源文件</Filter>
    </ClCompile>
    <ClCompile Include="windowsDevice.cpp">
      <Filter>源文件</Filter>
    </ClCompile>
    <ClCompile Include="dxobj.cpp">
      <Filter>源文件</Filter>
    </ClCompile>
    <ClCompile Include="shape.cpp">
      <Filter>源文件</Filter>
    </ClCompile>
    <ClCompile Include="materialsmanager.cpp">
      <Filter>源文件</Filter>
    </ClCompile>
    <ClCompile Include="shadermanager.cpp">
      <Filter>源文件\Lowlevelrender</Filter>
    </ClCompile>
    <ClCompile Include="cameramanager.cpp">
      <Filter>源文件\Lowlevelrender</Filter>
    </ClCompile>
    <ClCompile Include="lightmanager.cpp">
      <Filter>源文件\Lowlevelrender</Filter>
    </ClCompile>
    <ClCompile Include="primitivemanager.cpp">
      <Filter>源文件\Lowlevelrender</Filter>
    </ClCompile>
    <ClCompile Include="lowlevelrendermanager.cpp">
      <Filter>源文件\Lowlevelrender</Filter>
    </ClCompile>
    <ClCompile Include="imgui.cpp">
      <Filter>源文件\UI</Filter>
    </ClCompile>
    <ClCompile Include="imgui_draw.cpp">
      <Filter>源文件\UI</Filter>
    </ClCompile>
    <ClCompile Include="imgui_impl_dx11.cpp">
      <Filter>源文件\UI</Filter>
    </ClCompile>
    <ClCompile Include="imgui_demo.cpp">
      <Filter>源文件\UI</Filter>
    </ClCompile>
    <ClCompile Include="mainwindowui.cpp">
      <Filter>源文件\UI</Filter>
    </ClCompile>
    <ClCompile Include="wcharandwstring.cpp">
      <Filter>源文件\UI</Filter>
    </ClCompile>
  </ItemGroup>
  <ItemGroup>
    <FxCompile Include="hlsl.fx">
      <Filter>源文件</Filter>
    </FxCompile>
  </ItemGroup>
</Project>